
Microsoft Visual Studio Solution File, Format Version 12.00
# Visual Studio Version 17
VisualStudioVersion = 17.3.32825.248
MinimumVisualStudioVersion = 10.0.40219.1
Project("{FAE04EC0-301F-11D3-BF4B-00C04F79EFBC}") = "PizzaProject", "PizzaProject.csproj", "{DF2E417B-11DB-41F9-99C8-8018ECB2107F}"
EndProject
Global
	GlobalSection(SolutionConfigurationPlatforms) = preSolution
		Debug|Any CPU = Debug|Any CPU
		Release|Any CPU = Release|Any CPU
	EndGlobalSection
	GlobalSection(ProjectConfigurationPlatforms) = postSolution
		{DF2E417B-11DB-41F9-99C8-8018ECB2107F}.Debug|Any CPU.ActiveCfg = Debug|Any CPU
		{DF2E417B-11DB-41F9-99C8-8018ECB2107F}.Debug|Any CPU.Build.0 = Debug|Any CPU
		{DF2E417B-11DB-41F9-99C8-8018ECB2107F}.Release|Any CPU.ActiveCfg = Release|Any CPU
		{DF2E417B-11DB-41F9-99C8-8018ECB2107F}.Release|Any CPU.Build.0 = Release|Any CPU
	EndGlobalSection
	GlobalSection(SolutionProperties) = preSolution
		HideSolutionNode = FALSE
	EndGlobalSection
	GlobalSection(ExtensibilityGlobals) = postSolution
		SolutionGuid = {5B97A298-3C28-4726-B2AB-DC01100309B9}
	EndGlobalSection
EndGlobal
